<?xml version="1.0" encoding="utf-8"?>
<Project ToolsVersion="4.0" xmlns="http://schemas.microsoft.com/developer/msbuild/2003">
  <ItemGroup>
    <Filter Include="main">
      <UniqueIdentifier>{7b18b410-cb37-4608-b621-50c013da6d11}</UniqueIdentifier>
    </Filter>
    <Filter Include="Network">
      <UniqueIdentifier>{b170e0f0-7768-4de8-a0d2-dba644b57f02}</UniqueIdentifier>
    </Filter>
    <Filter Include="ProtoBuf">
      <UniqueIdentifier>{48cbba33-49ee-4f5b-90c0-ed860ad695ef}</UniqueIdentifier>
    </Filter>
  </ItemGroup>
  <ItemGroup>
    <ClCompile Include="main.cpp">
      <Filter>main</Filter>
    </ClCompile>
    <ClCompile Include="src\RpcChannel.cpp">
      <Filter>Network</Filter>
    </ClCompile>
    <ClCompile Include="src\RpcServer.cpp">
      <Filter>Network</Filter>
    </ClCompile>
    <ClCompile Include="src\ServerBase.cpp">
      <Filter>Network</Filter>
    </ClCompile>
    <ClCompile Include="src\PacketDispatcher.cpp">
      <Filter>Network</Filter>
    </ClCompile>
  </ItemGroup>
  <ItemGroup>
    <ClInclude Include="include\RpcChannel.h">
      <Filter>Network</Filter>
    </ClInclude>
    <ClInclude Include="include\RpcServer.h">
      <Filter>Network</Filter>
    </ClInclude>
    <ClInclude Include="include\EventLoop.h">
      <Filter>Network</Filter>
    </ClInclude>
    <ClInclude Include="include\ServerBase.h">
      <Filter>Network</Filter>
    </ClInclude>
    <ClInclude Include="include\PacketDispatcher.h">
      <Filter>Network</Filter>
    </ClInclude>
  </ItemGroup>
</Project>