
Microsoft Visual Studio Solution File, Format Version 12.00
# Visual Studio 14
VisualStudioVersion = 14.0.25420.1
MinimumVisualStudioVersion = 10.0.40219.1
Project("{8BC9CEB8-8B4A-11D0-8D11-00A0C91BC942}") = "Net", "Net\Net.vcxproj", "{ACE18C71-51EA-4387-9114-01F9FC7A7229}"
EndProject
Project("{8BC9CEB8-8B4A-11D0-8D11-00A0C91BC942}") = "Base", "Base\Base.vcxproj", "{CA6E36DC-D3F6-4DBC-B79E-A5AEA06810E6}"
EndProject
Project("{8BC9CEB8-8B4A-11D0-8D11-00A0C91BC942}") = "GateServer", "GateServer\GateServer.vcxproj", "{9415F34D-920D-4569-8D8B-2EFAB7D6DBDB}"
EndProject
Project("{8BC9CEB8-8B4A-11D0-8D11-00A0C91BC942}") = "CenterServer", "CenterServer\CenterServer.vcxproj", "{A3E6D706-6113-40F4-B6BC-8AC874CB9864}"
EndProject
Project("{8BC9CEB8-8B4A-11D0-8D11-00A0C91BC942}") = "GameServer", "GameServer\GameServer.vcxproj", "{BE04884B-3184-4B7E-8554-9C5C1F5468BF}"
EndProject
Project("{8BC9CEB8-8B4A-11D0-8D11-00A0C91BC942}") = "WorldServer", "WorldServer\WorldServer.vcxproj", "{0826C890-748E-4715-ACAE-D8F745767881}"
EndProject
Project("{8BC9CEB8-8B4A-11D0-8D11-00A0C91BC942}") = "LoginServer", "LoginServer\LoginServer.vcxproj", "{07D80582-F1E9-4552-B0EF-48551FEF60C2}"
EndProject
Project("{8BC9CEB8-8B4A-11D0-8D11-00A0C91BC942}") = "Client", "Client\Client.vcxproj", "{9080B1C9-4A02-4645-A096-EC1EB139B2E0}"
EndProject
Project("{2150E333-8FDC-42A3-9474-1A3956D46DE8}") = "Lib", "Lib", "{CEF14397-6600-43C3-B56E-F35C03C639F0}"
EndProject
Global
	GlobalSection(SolutionConfigurationPlatforms) = preSolution
		Debug|x64 = Debug|x64
		Debug|x86 = Debug|x86
		DebugLib|x64 = DebugLib|x64
		DebugLib|x86 = DebugLib|x86
		Release|x64 = Release|x64
		Release|x86 = Release|x86
	EndGlobalSection
	GlobalSection(ProjectConfigurationPlatforms) = postSolution
		{ACE18C71-51EA-4387-9114-01F9FC7A7229}.Debug|x64.ActiveCfg = Debug|x64
		{ACE18C71-51EA-4387-9114-01F9FC7A7229}.Debug|x64.Build.0 = Debug|x64
		{ACE18C71-51EA-4387-9114-01F9FC7A7229}.Debug|x86.ActiveCfg = Debug|Win32
		{ACE18C71-51EA-4387-9114-01F9FC7A7229}.DebugLib|x64.ActiveCfg = DebugLib|x64
		{ACE18C71-51EA-4387-9114-01F9FC7A7229}.DebugLib|x64.Build.0 = DebugLib|x64
		{ACE18C71-51EA-4387-9114-01F9FC7A7229}.DebugLib|x86.ActiveCfg = DebugLib|Win32
		{ACE18C71-51EA-4387-9114-01F9FC7A7229}.DebugLib|x86.Build.0 = DebugLib|Win32
		{ACE18C71-51EA-4387-9114-01F9FC7A7229}.Release|x64.ActiveCfg = Release|x64
		{ACE18C71-51EA-4387-9114-01F9FC7A7229}.Release|x64.Build.0 = Release|x64
		{ACE18C71-51EA-4387-9114-01F9FC7A7229}.Release|x86.ActiveCfg = Release|Win32
		{ACE18C71-51EA-4387-9114-01F9FC7A7229}.Release|x86.Build.0 = Release|Win32
		{CA6E36DC-D3F6-4DBC-B79E-A5AEA06810E6}.Debug|x64.ActiveCfg = Debug|x64
		{CA6E36DC-D3F6-4DBC-B79E-A5AEA06810E6}.Debug|x64.Build.0 = Debug|x64
		{CA6E36DC-D3F6-4DBC-B79E-A5AEA06810E6}.Debug|x86.ActiveCfg = Debug|Win32
		{CA6E36DC-D3F6-4DBC-B79E-A5AEA06810E6}.DebugLib|x64.ActiveCfg = DebugLib|x64
		{CA6E36DC-D3F6-4DBC-B79E-A5AEA06810E6}.DebugLib|x64.Build.0 = DebugLib|x64
		{CA6E36DC-D3F6-4DBC-B79E-A5AEA06810E6}.DebugLib|x86.ActiveCfg = DebugLib|Win32
		{CA6E36DC-D3F6-4DBC-B79E-A5AEA06810E6}.DebugLib|x86.Build.0 = DebugLib|Win32
		{CA6E36DC-D3F6-4DBC-B79E-A5AEA06810E6}.Release|x64.ActiveCfg = Release|x64
		{CA6E36DC-D3F6-4DBC-B79E-A5AEA06810E6}.Release|x64.Build.0 = Release|x64
		{CA6E36DC-D3F6-4DBC-B79E-A5AEA06810E6}.Release|x86.ActiveCfg = Release|Win32
		{CA6E36DC-D3F6-4DBC-B79E-A5AEA06810E6}.Release|x86.Build.0 = Release|Win32
		{9415F34D-920D-4569-8D8B-2EFAB7D6DBDB}.Debug|x64.ActiveCfg = Debug|x64
		{9415F34D-920D-4569-8D8B-2EFAB7D6DBDB}.Debug|x64.Build.0 = Debug|x64
		{9415F34D-920D-4569-8D8B-2EFAB7D6DBDB}.Debug|x86.ActiveCfg = Debug|Win32
		{9415F34D-920D-4569-8D8B-2EFAB7D6DBDB}.Debug|x86.Build.0 = Debug|Win32
		{9415F34D-920D-4569-8D8B-2EFAB7D6DBDB}.DebugLib|x64.ActiveCfg = DebugLib|x64
		{9415F34D-920D-4569-8D8B-2EFAB7D6DBDB}.DebugLib|x64.Build.0 = DebugLib|x64
		{9415F34D-920D-4569-8D8B-2EFAB7D6DBDB}.DebugLib|x86.ActiveCfg = DebugLib|Win32
		{9415F34D-920D-4569-8D8B-2EFAB7D6DBDB}.Release|x64.ActiveCfg = Release|x64
		{9415F34D-920D-4569-8D8B-2EFAB7D6DBDB}.Release|x64.Build.0 = Release|x64
		{9415F34D-920D-4569-8D8B-2EFAB7D6DBDB}.Release|x86.ActiveCfg = Release|Win32
		{9415F34D-920D-4569-8D8B-2EFAB7D6DBDB}.Release|x86.Build.0 = Release|Win32
		{A3E6D706-6113-40F4-B6BC-8AC874CB9864}.Debug|x64.ActiveCfg = Debug|x64
		{A3E6D706-6113-40F4-B6BC-8AC874CB9864}.Debug|x64.Build.0 = Debug|x64
		{A3E6D706-6113-40F4-B6BC-8AC874CB9864}.Debug|x86.ActiveCfg = Debug|Win32
		{A3E6D706-6113-40F4-B6BC-8AC874CB9864}.Debug|x86.Build.0 = Debug|Win32
		{A3E6D706-6113-40F4-B6BC-8AC874CB9864}.DebugLib|x64.ActiveCfg = DebugLib|x64
		{A3E6D706-6113-40F4-B6BC-8AC874CB9864}.DebugLib|x64.Build.0 = DebugLib|x64
		{A3E6D706-6113-40F4-B6BC-8AC874CB9864}.DebugLib|x86.ActiveCfg = DebugLib|Win32
		{A3E6D706-6113-40F4-B6BC-8AC874CB9864}.Release|x64.ActiveCfg = Release|x64
		{A3E6D706-6113-40F4-B6BC-8AC874CB9864}.Release|x64.Build.0 = Release|x64
		{A3E6D706-6113-40F4-B6BC-8AC874CB9864}.Release|x86.ActiveCfg = Release|Win32
		{A3E6D706-6113-40F4-B6BC-8AC874CB9864}.Release|x86.Build.0 = Release|Win32
		{BE04884B-3184-4B7E-8554-9C5C1F5468BF}.Debug|x64.ActiveCfg = Debug|x64
		{BE04884B-3184-4B7E-8554-9C5C1F5468BF}.Debug|x64.Build.0 = Debug|x64
		{BE04884B-3184-4B7E-8554-9C5C1F5468BF}.Debug|x86.ActiveCfg = Debug|Win32
		{BE04884B-3184-4B7E-8554-9C5C1F5468BF}.Debug|x86.Build.0 = Debug|Win32
		{BE04884B-3184-4B7E-8554-9C5C1F5468BF}.DebugLib|x64.ActiveCfg = DebugLib|x64
		{BE04884B-3184-4B7E-8554-9C5C1F5468BF}.DebugLib|x64.Build.0 = DebugLib|x64
		{BE04884B-3184-4B7E-8554-9C5C1F5468BF}.DebugLib|x86.ActiveCfg = DebugLib|Win32
		{BE04884B-3184-4B7E-8554-9C5C1F5468BF}.Release|x64.ActiveCfg = Release|x64
		{BE04884B-3184-4B7E-8554-9C5C1F5468BF}.Release|x64.Build.0 = Release|x64
		{BE04884B-3184-4B7E-8554-9C5C1F5468BF}.Release|x86.ActiveCfg = Release|Win32
		{BE04884B-3184-4B7E-8554-9C5C1F5468BF}.Release|x86.Build.0 = Release|Win32
		{0826C890-748E-4715-ACAE-D8F745767881}.Debug|x64.ActiveCfg = Debug|x64
		{0826C890-748E-4715-ACAE-D8F745767881}.Debug|x64.Build.0 = Debug|x64
		{0826C890-748E-4715-ACAE-D8F745767881}.Debug|x86.ActiveCfg = Debug|Win32
		{0826C890-748E-4715-ACAE-D8F745767881}.Debug|x86.Build.0 = Debug|Win32
		{0826C890-748E-4715-ACAE-D8F745767881}.DebugLib|x64.ActiveCfg = DebugLib|x64
		{0826C890-748E-4715-ACAE-D8F745767881}.DebugLib|x64.Build.0 = DebugLib|x64
		{0826C890-748E-4715-ACAE-D8F745767881}.DebugLib|x86.ActiveCfg = DebugLib|Win32
		{0826C890-748E-4715-ACAE-D8F745767881}.Release|x64.ActiveCfg = Release|x64
		{0826C890-748E-4715-ACAE-D8F745767881}.Release|x64.Build.0 = Release|x64
		{0826C890-748E-4715-ACAE-D8F745767881}.Release|x86.ActiveCfg = Release|Win32
		{0826C890-748E-4715-ACAE-D8F745767881}.Release|x86.Build.0 = Release|Win32
		{07D80582-F1E9-4552-B0EF-48551FEF60C2}.Debug|x64.ActiveCfg = Debug|x64
		{07D80582-F1E9-4552-B0EF-48551FEF60C2}.Debug|x64.Build.0 = Debug|x64
		{07D80582-F1E9-4552-B0EF-48551FEF60C2}.Debug|x86.ActiveCfg = Debug|Win32
		{07D80582-F1E9-4552-B0EF-48551FEF60C2}.Debug|x86.Build.0 = Debug|Win32
		{07D80582-F1E9-4552-B0EF-48551FEF60C2}.DebugLib|x64.ActiveCfg = DebugLib|x64
		{07D80582-F1E9-4552-B0EF-48551FEF60C2}.DebugLib|x64.Build.0 = DebugLib|x64
		{07D80582-F1E9-4552-B0EF-48551FEF60C2}.DebugLib|x86.ActiveCfg = DebugLib|Win32
		{07D80582-F1E9-4552-B0EF-48551FEF60C2}.Release|x64.ActiveCfg = Release|x64
		{07D80582-F1E9-4552-B0EF-48551FEF60C2}.Release|x64.Build.0 = Release|x64
		{07D80582-F1E9-4552-B0EF-48551FEF60C2}.Release|x86.ActiveCfg = Release|Win32
		{07D80582-F1E9-4552-B0EF-48551FEF60C2}.Release|x86.Build.0 = Release|Win32
		{9080B1C9-4A02-4645-A096-EC1EB139B2E0}.Debug|x64.ActiveCfg = Debug|x64
		{9080B1C9-4A02-4645-A096-EC1EB139B2E0}.Debug|x64.Build.0 = Debug|x64
		{9080B1C9-4A02-4645-A096-EC1EB139B2E0}.Debug|x86.ActiveCfg = Debug|Win32
		{9080B1C9-4A02-4645-A096-EC1EB139B2E0}.Debug|x86.Build.0 = Debug|Win32
		{9080B1C9-4A02-4645-A096-EC1EB139B2E0}.DebugLib|x64.ActiveCfg = DebugLib|x64
		{9080B1C9-4A02-4645-A096-EC1EB139B2E0}.DebugLib|x64.Build.0 = DebugLib|x64
		{9080B1C9-4A02-4645-A096-EC1EB139B2E0}.DebugLib|x86.ActiveCfg = DebugLib|Win32
		{9080B1C9-4A02-4645-A096-EC1EB139B2E0}.Release|x64.ActiveCfg = Release|x64
		{9080B1C9-4A02-4645-A096-EC1EB139B2E0}.Release|x64.Build.0 = Release|x64
		{9080B1C9-4A02-4645-A096-EC1EB139B2E0}.Release|x86.ActiveCfg = Release|Win32
		{9080B1C9-4A02-4645-A096-EC1EB139B2E0}.Release|x86.Build.0 = Release|Win32
	EndGlobalSection
	GlobalSection(SolutionProperties) = preSolution
		HideSolutionNode = FALSE
	EndGlobalSection
	GlobalSection(NestedProjects) = preSolution
		{ACE18C71-51EA-4387-9114-01F9FC7A7229} = {CEF14397-6600-43C3-B56E-F35C03C639F0}
		{CA6E36DC-D3F6-4DBC-B79E-A5AEA06810E6} = {CEF14397-6600-43C3-B56E-F35C03C639F0}
	EndGlobalSection
EndGlobal
