<?xml version="1.0" encoding="utf-8"?>
<Project ToolsVersion="4.0" xmlns="http://schemas.microsoft.com/developer/msbuild/2003">
  <ItemGroup>
    <Filter Include="Net">
      <UniqueIdentifier>{67DA6AB6-F800-4c08-8B7A-83BB121AAD01}</UniqueIdentifier>
      <Extensions>rc;ico;cur;bmp;dlg;rc2;rct;bin;rgs;gif;jpg;jpeg;jpe;resx;tiff;tif;png;wav;mfcribbon-ms</Extensions>
    </Filter>
    <Filter Include="Proto">
      <UniqueIdentifier>{4FC737F1-C7A5-4376-A066-2A32D752A2FF}</UniqueIdentifier>
      <Extensions>cpp;c;cc;cxx;def;odl;idl;hpj;bat;asm;asmx</Extensions>
    </Filter>
    <Filter Include="Main">
      <UniqueIdentifier>{93995380-89BD-4b04-88EB-625FBE52EBFB}</UniqueIdentifier>
      <Extensions>h;hh;hpp;hxx;hm;inl;inc;xsd</Extensions>
    </Filter>
  </ItemGroup>
  <ItemGroup>
    <ClCompile Include="src\NetChannel.cpp">
      <Filter>Net</Filter>
    </ClCompile>
    <ClCompile Include="src\NetServer.cpp">
      <Filter>Net</Filter>
    </ClCompile>
    <ClCompile Include="src\PacketDispatcher.cpp">
      <Filter>Net</Filter>
    </ClCompile>
    <ClCompile Include="main.cpp">
      <Filter>Main</Filter>
    </ClCompile>
    <ClCompile Include="proto\server_packet.pb.cc">
      <Filter>Proto</Filter>
    </ClCompile>
  </ItemGroup>
  <ItemGroup>
    <ClInclude Include="include\CodecLite-inl.h">
      <Filter>Net</Filter>
    </ClInclude>
    <ClInclude Include="include\EventLoop.h">
      <Filter>Net</Filter>
    </ClInclude>
    <ClInclude Include="include\NetChannel.h">
      <Filter>Net</Filter>
    </ClInclude>
    <ClInclude Include="include\NetServer.h">
      <Filter>Net</Filter>
    </ClInclude>
    <ClInclude Include="include\PacketDispatcher.h">
      <Filter>Net</Filter>
    </ClInclude>
    <ClInclude Include="include\NetDefine.h">
      <Filter>Net</Filter>
    </ClInclude>
    <ClInclude Include="proto\server_packet.pb.h">
      <Filter>Proto</Filter>
    </ClInclude>
    <ClInclude Include="include\SocketOpt-inl.h">
      <Filter>Net</Filter>
    </ClInclude>
  </ItemGroup>
</Project>